// !$*UTF8*$!
{
	archiveVersion = 1;
	classes = {
	};
	objectVersion = 56;
	objects = {

/* Begin PBXBuildFile section */
		9416CA6B2AFCCB60002D49E6 /* DeviceUtilities.swift in Sources */ = {isa = PBXBuildFile; fileRef = 9416CA6A2AFCCB60002D49E6 /* DeviceUtilities.swift */; };
		9416CA6E2AFCE1A7002D49E6 /* Realm in Frameworks */ = {isa = PBXBuildFile; productRef = 9416CA6D2AFCE1A7002D49E6 /* Realm */; };
		9416CA702AFCE1A7002D49E6 /* RealmSwift in Frameworks */ = {isa = PBXBuildFile; productRef = 9416CA6F2AFCE1A7002D49E6 /* RealmSwift */; };
		941B5DAA2B02217C00F5D3B1 /* NavigationSplitSideBarView.swift in Sources */ = {isa = PBXBuildFile; fileRef = 941B5DA92B02217C00F5D3B1 /* NavigationSplitSideBarView.swift */; };
		946464812AF7758B0042EE31 /* RealmDataManager.swift in Sources */ = {isa = PBXBuildFile; fileRef = 946464802AF7758B0042EE31 /* RealmDataManager.swift */; };
		946C48C62AFEBB7B00C79D9C /* RealmDataManager_Users.swift in Sources */ = {isa = PBXBuildFile; fileRef = 946C48C52AFEBB7B00C79D9C /* RealmDataManager_Users.swift */; };
		946C48C92AFEC9D000C79D9C /* NavigationSplitContentView.swift in Sources */ = {isa = PBXBuildFile; fileRef = 946C48C82AFEC9D000C79D9C /* NavigationSplitContentView.swift */; };
		947609F82AF62F1C001C9A67 /* SwiftStarterApp.swift in Sources */ = {isa = PBXBuildFile; fileRef = 947609F72AF62F1C001C9A67 /* SwiftStarterApp.swift */; };
		947609FA2AF62F1C001C9A67 /* Persistence.swift in Sources */ = {isa = PBXBuildFile; fileRef = 947609F92AF62F1C001C9A67 /* Persistence.swift */; };
		947609FD2AF62F1C001C9A67 /* SwiftStarterApp.xcdatamodeld in Sources */ = {isa = PBXBuildFile; fileRef = 947609FB2AF62F1C001C9A67 /* SwiftStarterApp.xcdatamodeld */; };
		947609FF2AF62F1C001C9A67 /* CoreDataLeaderboardView.swift in Sources */ = {isa = PBXBuildFile; fileRef = 947609FE2AF62F1C001C9A67 /* CoreDataLeaderboardView.swift */; };
		94760A012AF62F1D001C9A67 /* Assets.xcassets in Resources */ = {isa = PBXBuildFile; fileRef = 94760A002AF62F1D001C9A67 /* Assets.xcassets */; };
		94760A052AF62F1D001C9A67 /* Preview Assets.xcassets in Resources */ = {isa = PBXBuildFile; fileRef = 94760A042AF62F1D001C9A67 /* Preview Assets.xcassets */; };
		94760A0E2AF62F6B001C9A67 /* CoreDataManager.swift in Sources */ = {isa = PBXBuildFile; fileRef = 94760A0D2AF62F6B001C9A67 /* CoreDataManager.swift */; };
		94760A102AF63037001C9A67 /* NavigationSplitHomeView.swift in Sources */ = {isa = PBXBuildFile; fileRef = 94760A0F2AF63037001C9A67 /* NavigationSplitHomeView.swift */; };
		9489F5462AFCE7D9006F4D0E /* CoreDataActionsView.swift in Sources */ = {isa = PBXBuildFile; fileRef = 9489F5452AFCE7D9006F4D0E /* CoreDataActionsView.swift */; };
		9489F5482AFCE87E006F4D0E /* CoreDataStatsView.swift in Sources */ = {isa = PBXBuildFile; fileRef = 9489F5472AFCE87E006F4D0E /* CoreDataStatsView.swift */; };
		9489F54A2AFCE8E5006F4D0E /* CoreDataManager_Leaderboard.swift in Sources */ = {isa = PBXBuildFile; fileRef = 9489F5492AFCE8E5006F4D0E /* CoreDataManager_Leaderboard.swift */; };
		9489F54D2AFCE95F006F4D0E /* CoreDataManager_Users.swift in Sources */ = {isa = PBXBuildFile; fileRef = 9489F54C2AFCE95F006F4D0E /* CoreDataManager_Users.swift */; };
		94A7E45F2AF902EB00D23515 /* CoreDataHomeView.swift in Sources */ = {isa = PBXBuildFile; fileRef = 94A7E45E2AF902EB00D23515 /* CoreDataHomeView.swift */; };
		94A7E4602AF907DA00D23515 /* Leaderboard+CoreDataProperties.swift in Sources */ = {isa = PBXBuildFile; fileRef = 94A7E45C2AF8FF5500D23515 /* Leaderboard+CoreDataProperties.swift */; };
		94A7E4612AF907DF00D23515 /* Users+CoreDataClass.swift in Sources */ = {isa = PBXBuildFile; fileRef = 94A7E4592AF8FF5500D23515 /* Users+CoreDataClass.swift */; };
		94A7E4622AF907DF00D23515 /* Users+CoreDataProperties.swift in Sources */ = {isa = PBXBuildFile; fileRef = 94A7E45A2AF8FF5500D23515 /* Users+CoreDataProperties.swift */; };
		94A7E4632AF907DF00D23515 /* Leaderboard+CoreDataClass.swift in Sources */ = {isa = PBXBuildFile; fileRef = 94A7E45B2AF8FF5500D23515 /* Leaderboard+CoreDataClass.swift */; };
		94BA96C32B153D2A006D2CE7 /* LoadingView.swift in Sources */ = {isa = PBXBuildFile; fileRef = 94BA96C22B153D2A006D2CE7 /* LoadingView.swift */; };
		94BFA4E82AF94C77004FEE4E /* CoreDataLoader.swift in Sources */ = {isa = PBXBuildFile; fileRef = 94BFA4E72AF94C77004FEE4E /* CoreDataLoader.swift */; };
		94C0A0EC2AF6BE3C001798C9 /* SwiftStarterAppTests.swift in Sources */ = {isa = PBXBuildFile; fileRef = 94C0A0EB2AF6BE3C001798C9 /* SwiftStarterAppTests.swift */; };
		94E275662AF8C61D003C3C05 /* CoreDataLeaderboardDetailView.swift in Sources */ = {isa = PBXBuildFile; fileRef = 94E275652AF8C61D003C3C05 /* CoreDataLeaderboardDetailView.swift */; };
		94E275682AF8E4A1003C3C05 /* NavigationSplitDetailView.swift in Sources */ = {isa = PBXBuildFile; fileRef = 94E275672AF8E4A1003C3C05 /* NavigationSplitDetailView.swift */; };
/* End PBXBuildFile section */

/* Begin PBXContainerItemProxy section */
		94C0A0ED2AF6BE3C001798C9 /* PBXContainerItemProxy */ = {
			isa = PBXContainerItemProxy;
			containerPortal = 947609EC2AF62F1C001C9A67 /* Project object */;
			proxyType = 1;
			remoteGlobalIDString = 947609F32AF62F1C001C9A67;
			remoteInfo = SwiftStarterApp;
		};
/* End PBXContainerItemProxy section */

/* Begin PBXFileReference section */
		9416CA6A2AFCCB60002D49E6 /* DeviceUtilities.swift */ = {isa = PBXFileReference; lastKnownFileType = sourcecode.swift; path = DeviceUtilities.swift; sourceTree = "<group>"; };
		941B5DA92B02217C00F5D3B1 /* NavigationSplitSideBarView.swift */ = {isa = PBXFileReference; lastKnownFileType = sourcecode.swift; path = NavigationSplitSideBarView.swift; sourceTree = "<group>"; };
		946464802AF7758B0042EE31 /* RealmDataManager.swift */ = {isa = PBXFileReference; lastKnownFileType = sourcecode.swift; path = RealmDataManager.swift; sourceTree = "<group>"; };
		946464822AF7777B0042EE31 /* README.md */ = {isa = PBXFileReference; lastKnownFileType = net.daringfireball.markdown; path = README.md; sourceTree = "<group>"; };
		946464832AF777850042EE31 /* LICENSE.md */ = {isa = PBXFileReference; lastKnownFileType = net.daringfireball.markdown; path = LICENSE.md; sourceTree = "<group>"; };
		946C48C52AFEBB7B00C79D9C /* RealmDataManager_Users.swift */ = {isa = PBXFileReference; lastKnownFileType = sourcecode.swift; path = RealmDataManager_Users.swift; sourceTree = "<group>"; };
		946C48C82AFEC9D000C79D9C /* NavigationSplitContentView.swift */ = {isa = PBXFileReference; lastKnownFileType = sourcecode.swift; path = NavigationSplitContentView.swift; sourceTree = "<group>"; };
		946C48E62AFFCFD400C79D9C /* names.txt */ = {isa = PBXFileReference; lastKnownFileType = text; path = names.txt; sourceTree = "<group>"; };
		947609F42AF62F1C001C9A67 /* SwiftStarterApp.app */ = {isa = PBXFileReference; explicitFileType = wrapper.application; includeInIndex = 0; path = SwiftStarterApp.app; sourceTree = BUILT_PRODUCTS_DIR; };
		947609F72AF62F1C001C9A67 /* SwiftStarterApp.swift */ = {isa = PBXFileReference; lastKnownFileType = sourcecode.swift; path = SwiftStarterApp.swift; sourceTree = "<group>"; };
		947609F92AF62F1C001C9A67 /* Persistence.swift */ = {isa = PBXFileReference; lastKnownFileType = sourcecode.swift; path = Persistence.swift; sourceTree = "<group>"; };
		947609FC2AF62F1C001C9A67 /* SwiftStarterApp.xcdatamodel */ = {isa = PBXFileReference; lastKnownFileType = wrapper.xcdatamodel; path = SwiftStarterApp.xcdatamodel; sourceTree = "<group>"; };
		947609FE2AF62F1C001C9A67 /* CoreDataLeaderboardView.swift */ = {isa = PBXFileReference; lastKnownFileType = sourcecode.swift; path = CoreDataLeaderboardView.swift; sourceTree = "<group>"; };
		94760A002AF62F1D001C9A67 /* Assets.xcassets */ = {isa = PBXFileReference; lastKnownFileType = folder.assetcatalog; path = Assets.xcassets; sourceTree = "<group>"; };
		94760A022AF62F1D001C9A67 /* SwiftStarterApp.entitlements */ = {isa = PBXFileReference; lastKnownFileType = text.plist.entitlements; path = SwiftStarterApp.entitlements; sourceTree = "<group>"; };
		94760A042AF62F1D001C9A67 /* Preview Assets.xcassets */ = {isa = PBXFileReference; lastKnownFileType = folder.assetcatalog; path = "Preview Assets.xcassets"; sourceTree = "<group>"; };
		94760A0D2AF62F6B001C9A67 /* CoreDataManager.swift */ = {isa = PBXFileReference; lastKnownFileType = sourcecode.swift; path = CoreDataManager.swift; sourceTree = "<group>"; };
		94760A0F2AF63037001C9A67 /* NavigationSplitHomeView.swift */ = {isa = PBXFileReference; lastKnownFileType = sourcecode.swift; path = NavigationSplitHomeView.swift; sourceTree = "<group>"; };
		9489F5452AFCE7D9006F4D0E /* CoreDataActionsView.swift */ = {isa = PBXFileReference; lastKnownFileType = sourcecode.swift; path = CoreDataActionsView.swift; sourceTree = "<group>"; };
		9489F5472AFCE87E006F4D0E /* CoreDataStatsView.swift */ = {isa = PBXFileReference; lastKnownFileType = sourcecode.swift; path = CoreDataStatsView.swift; sourceTree = "<group>"; };
		9489F5492AFCE8E5006F4D0E /* CoreDataManager_Leaderboard.swift */ = {isa = PBXFileReference; lastKnownFileType = sourcecode.swift; path = CoreDataManager_Leaderboard.swift; sourceTree = "<group>"; };
		9489F54C2AFCE95F006F4D0E /* CoreDataManager_Users.swift */ = {isa = PBXFileReference; lastKnownFileType = sourcecode.swift; path = CoreDataManager_Users.swift; sourceTree = "<group>"; };
		94A7E4592AF8FF5500D23515 /* Users+CoreDataClass.swift */ = {isa = PBXFileReference; lastKnownFileType = sourcecode.swift; path = "Users+CoreDataClass.swift"; sourceTree = "<group>"; };
		94A7E45A2AF8FF5500D23515 /* Users+CoreDataProperties.swift */ = {isa = PBXFileReference; lastKnownFileType = sourcecode.swift; path = "Users+CoreDataProperties.swift"; sourceTree = "<group>"; };
		94A7E45B2AF8FF5500D23515 /* Leaderboard+CoreDataClass.swift */ = {isa = PBXFileReference; lastKnownFileType = sourcecode.swift; path = "Leaderboard+CoreDataClass.swift"; sourceTree = "<group>"; };
		94A7E45C2AF8FF5500D23515 /* Leaderboard+CoreDataProperties.swift */ = {isa = PBXFileReference; lastKnownFileType = sourcecode.swift; path = "Leaderboard+CoreDataProperties.swift"; sourceTree = "<group>"; };
		94A7E45E2AF902EB00D23515 /* CoreDataHomeView.swift */ = {isa = PBXFileReference; lastKnownFileType = sourcecode.swift; path = CoreDataHomeView.swift; sourceTree = "<group>"; };
		94BA96C22B153D2A006D2CE7 /* LoadingView.swift */ = {isa = PBXFileReference; lastKnownFileType = sourcecode.swift; path = LoadingView.swift; sourceTree = "<group>"; };
		94BFA4E72AF94C77004FEE4E /* CoreDataLoader.swift */ = {isa = PBXFileReference; lastKnownFileType = sourcecode.swift; path = CoreDataLoader.swift; sourceTree = "<group>"; };
		94C0A0E92AF6BE3C001798C9 /* SwiftStarterAppTests.xctest */ = {isa = PBXFileReference; explicitFileType = wrapper.cfbundle; includeInIndex = 0; path = SwiftStarterAppTests.xctest; sourceTree = BUILT_PRODUCTS_DIR; };
		94C0A0EB2AF6BE3C001798C9 /* SwiftStarterAppTests.swift */ = {isa = PBXFileReference; lastKnownFileType = sourcecode.swift; path = SwiftStarterAppTests.swift; sourceTree = "<group>"; };
		94E275652AF8C61D003C3C05 /* CoreDataLeaderboardDetailView.swift */ = {isa = PBXFileReference; lastKnownFileType = sourcecode.swift; path = CoreDataLeaderboardDetailView.swift; sourceTree = "<group>"; };
		94E275672AF8E4A1003C3C05 /* NavigationSplitDetailView.swift */ = {isa = PBXFileReference; lastKnownFileType = sourcecode.swift; path = NavigationSplitDetailView.swift; sourceTree = "<group>"; };
/* End PBXFileReference section */

/* Begin PBXFrameworksBuildPhase section */
		947609F12AF62F1C001C9A67 /* Frameworks */ = {
			isa = PBXFrameworksBuildPhase;
			buildActionMask = 2147483647;
			files = (
				9416CA702AFCE1A7002D49E6 /* RealmSwift in Frameworks */,
				9416CA6E2AFCE1A7002D49E6 /* Realm in Frameworks */,
			);
			runOnlyForDeploymentPostprocessing = 0;
		};
		94C0A0E62AF6BE3C001798C9 /* Frameworks */ = {
			isa = PBXFrameworksBuildPhase;
			buildActionMask = 2147483647;
			files = (
			);
			runOnlyForDeploymentPostprocessing = 0;
		};
/* End PBXFrameworksBuildPhase section */

/* Begin PBXGroup section */
		9416CA692AFCCB48002D49E6 /* Utilities */ = {
			isa = PBXGroup;
			children = (
				9416CA6A2AFCCB60002D49E6 /* DeviceUtilities.swift */,
			);
			path = Utilities;
			sourceTree = "<group>";
		};
		946C48C72AFEC9A900C79D9C /* NavigationSplitViews */ = {
			isa = PBXGroup;
			children = (
				94760A0F2AF63037001C9A67 /* NavigationSplitHomeView.swift */,
				941B5DA92B02217C00F5D3B1 /* NavigationSplitSideBarView.swift */,
				946C48C82AFEC9D000C79D9C /* NavigationSplitContentView.swift */,
				94E275672AF8E4A1003C3C05 /* NavigationSplitDetailView.swift */,
			);
			path = NavigationSplitViews;
			sourceTree = "<group>";
		};
		946C48E52AFFCFBA00C79D9C /* FileManagement */ = {
			isa = PBXGroup;
			children = (
				946C48E62AFFCFD400C79D9C /* names.txt */,
			);
			path = FileManagement;
			sourceTree = "<group>";
		};
		947609EB2AF62F1C001C9A67 = {
			isa = PBXGroup;
			children = (
				946464832AF777850042EE31 /* LICENSE.md */,
				946464822AF7777B0042EE31 /* README.md */,
				947609F62AF62F1C001C9A67 /* SwiftStarterApp */,
				94C0A0EA2AF6BE3C001798C9 /* SwiftStarterAppTests */,
				947609F52AF62F1C001C9A67 /* Products */,
			);
			sourceTree = "<group>";
		};
		947609F52AF62F1C001C9A67 /* Products */ = {
			isa = PBXGroup;
			children = (
				947609F42AF62F1C001C9A67 /* SwiftStarterApp.app */,
				94C0A0E92AF6BE3C001798C9 /* SwiftStarterAppTests.xctest */,
			);
			name = Products;
			sourceTree = "<group>";
		};
		947609F62AF62F1C001C9A67 /* SwiftStarterApp */ = {
			isa = PBXGroup;
			children = (
				9416CA692AFCCB48002D49E6 /* Utilities */,
				94760A0B2AF62F50001C9A67 /* Data Management */,
				9489F5432AFCE73C006F4D0E /* Componets */,
				946C48C72AFEC9A900C79D9C /* NavigationSplitViews */,
				947609F72AF62F1C001C9A67 /* SwiftStarterApp.swift */,
				94760A022AF62F1D001C9A67 /* SwiftStarterApp.entitlements */,
				947609FB2AF62F1C001C9A67 /* SwiftStarterApp.xcdatamodeld */,
				94760A002AF62F1D001C9A67 /* Assets.xcassets */,
				94760A032AF62F1D001C9A67 /* Preview Content */,
			);
			path = SwiftStarterApp;
			sourceTree = "<group>";
		};
		94760A032AF62F1D001C9A67 /* Preview Content */ = {
			isa = PBXGroup;
			children = (
				94760A042AF62F1D001C9A67 /* Preview Assets.xcassets */,
			);
			path = "Preview Content";
			sourceTree = "<group>";
		};
		94760A0B2AF62F50001C9A67 /* Data Management */ = {
			isa = PBXGroup;
			children = (
				946C48E52AFFCFBA00C79D9C /* FileManagement */,
				94E275692AF8E6BA003C3C05 /* Realm */,
				94760A0C2AF62F58001C9A67 /* Core Data */,
			);
			path = "Data Management";
			sourceTree = "<group>";
		};
		94760A0C2AF62F58001C9A67 /* Core Data */ = {
			isa = PBXGroup;
			children = (
				94A7E45D2AF900D200D23515 /* ManagedObjects */,
				94E275642AF8C603003C3C05 /* Logic */,
				94E275632AF8C5FE003C3C05 /* Views */,
			);
			path = "Core Data";
			sourceTree = "<group>";
		};
		9489F5432AFCE73C006F4D0E /* Componets */ = {
			isa = PBXGroup;
			children = (
				94BA96C22B153D2A006D2CE7 /* LoadingView.swift */,
			);
			path = Componets;
			sourceTree = "<group>";
		};
		9489F5442AFCE7C3006F4D0E /* CoreDataLeaderboardViews */ = {
			isa = PBXGroup;
			children = (
				94E275652AF8C61D003C3C05 /* CoreDataLeaderboardDetailView.swift */,
				947609FE2AF62F1C001C9A67 /* CoreDataLeaderboardView.swift */,
			);
			path = CoreDataLeaderboardViews;
			sourceTree = "<group>";
		};
		9489F54B2AFCE94B006F4D0E /* CoreDataManagers */ = {
			isa = PBXGroup;
			children = (
				94760A0D2AF62F6B001C9A67 /* CoreDataManager.swift */,
				9489F5492AFCE8E5006F4D0E /* CoreDataManager_Leaderboard.swift */,
				9489F54C2AFCE95F006F4D0E /* CoreDataManager_Users.swift */,
			);
			path = CoreDataManagers;
			sourceTree = "<group>";
		};
		94A7E45D2AF900D200D23515 /* ManagedObjects */ = {
			isa = PBXGroup;
			children = (
				94A7E4592AF8FF5500D23515 /* Users+CoreDataClass.swift */,
				94A7E45A2AF8FF5500D23515 /* Users+CoreDataProperties.swift */,
				94A7E45B2AF8FF5500D23515 /* Leaderboard+CoreDataClass.swift */,
				94A7E45C2AF8FF5500D23515 /* Leaderboard+CoreDataProperties.swift */,
			);
			path = ManagedObjects;
			sourceTree = "<group>";
		};
		94C0A0EA2AF6BE3C001798C9 /* SwiftStarterAppTests */ = {
			isa = PBXGroup;
			children = (
				94C0A0EB2AF6BE3C001798C9 /* SwiftStarterAppTests.swift */,
			);
			path = SwiftStarterAppTests;
			sourceTree = "<group>";
		};
		94E275632AF8C5FE003C3C05 /* Views */ = {
			isa = PBXGroup;
			children = (
				94A7E45E2AF902EB00D23515 /* CoreDataHomeView.swift */,
				9489F5452AFCE7D9006F4D0E /* CoreDataActionsView.swift */,
				9489F5472AFCE87E006F4D0E /* CoreDataStatsView.swift */,
				9489F5442AFCE7C3006F4D0E /* CoreDataLeaderboardViews */,
			);
			path = Views;
			sourceTree = "<group>";
		};
		94E275642AF8C603003C3C05 /* Logic */ = {
			isa = PBXGroup;
			children = (
				9489F54B2AFCE94B006F4D0E /* CoreDataManagers */,
				947609F92AF62F1C001C9A67 /* Persistence.swift */,
				94BFA4E72AF94C77004FEE4E /* CoreDataLoader.swift */,
			);
			path = Logic;
			sourceTree = "<group>";
		};
		94E275692AF8E6BA003C3C05 /* Realm */ = {
			isa = PBXGroup;
			children = (
				946464802AF7758B0042EE31 /* RealmDataManager.swift */,
				946C48C52AFEBB7B00C79D9C /* RealmDataManager_Users.swift */,
			);
			path = Realm;
			sourceTree = "<group>";
		};
/* End PBXGroup section */

/* Begin PBXNativeTarget section */
		947609F32AF62F1C001C9A67 /* SwiftStarterApp */ = {
			isa = PBXNativeTarget;
			buildConfigurationList = 94760A082AF62F1D001C9A67 /* Build configuration list for PBXNativeTarget "SwiftStarterApp" */;
			buildPhases = (
				947609F02AF62F1C001C9A67 /* Sources */,
				947609F12AF62F1C001C9A67 /* Frameworks */,
				947609F22AF62F1C001C9A67 /* Resources */,
			);
			buildRules = (
			);
			dependencies = (
			);
			name = SwiftStarterApp;
			packageProductDependencies = (
				9416CA6D2AFCE1A7002D49E6 /* Realm */,
				9416CA6F2AFCE1A7002D49E6 /* RealmSwift */,
			);
			productName = SwiftStarterApp;
			productReference = 947609F42AF62F1C001C9A67 /* SwiftStarterApp.app */;
			productType = "com.apple.product-type.application";
		};
		94C0A0E82AF6BE3C001798C9 /* SwiftStarterAppTests */ = {
			isa = PBXNativeTarget;
			buildConfigurationList = 94C0A0EF2AF6BE3C001798C9 /* Build configuration list for PBXNativeTarget "SwiftStarterAppTests" */;
			buildPhases = (
				94C0A0E52AF6BE3C001798C9 /* Sources */,
				94C0A0E62AF6BE3C001798C9 /* Frameworks */,
				94C0A0E72AF6BE3C001798C9 /* Resources */,
			);
			buildRules = (
			);
			dependencies = (
				94C0A0EE2AF6BE3C001798C9 /* PBXTargetDependency */,
			);
			name = SwiftStarterAppTests;
			productName = SwiftStarterAppTests;
			productReference = 94C0A0E92AF6BE3C001798C9 /* SwiftStarterAppTests.xctest */;
			productType = "com.apple.product-type.bundle.unit-test";
		};
/* End PBXNativeTarget section */

/* Begin PBXProject section */
		947609EC2AF62F1C001C9A67 /* Project object */ = {
			isa = PBXProject;
			attributes = {
				BuildIndependentTargetsInParallel = 1;
				LastSwiftUpdateCheck = 1430;
				LastUpgradeCheck = 1430;
				TargetAttributes = {
					947609F32AF62F1C001C9A67 = {
						CreatedOnToolsVersion = 14.3.1;
					};
					94C0A0E82AF6BE3C001798C9 = {
						CreatedOnToolsVersion = 14.3.1;
						TestTargetID = 947609F32AF62F1C001C9A67;
					};
				};
			};
			buildConfigurationList = 947609EF2AF62F1C001C9A67 /* Build configuration list for PBXProject "SwiftStarterApp" */;
			compatibilityVersion = "Xcode 14.0";
			developmentRegion = en;
			hasScannedForEncodings = 0;
			knownRegions = (
				en,
				Base,
			);
			mainGroup = 947609EB2AF62F1C001C9A67;
			packageReferences = (
				9416CA6C2AFCE1A7002D49E6 /* XCRemoteSwiftPackageReference "realm-swift" */,
			);
			productRefGroup = 947609F52AF62F1C001C9A67 /* Products */;
			projectDirPath = "";
			projectRoot = "";
			targets = (
				947609F32AF62F1C001C9A67 /* SwiftStarterApp */,
				94C0A0E82AF6BE3C001798C9 /* SwiftStarterAppTests */,
			);
		};
/* End PBXProject section */

/* Begin PBXResourcesBuildPhase section */
		947609F22AF62F1C001C9A67 /* Resources */ = {
			isa = PBXResourcesBuildPhase;
			buildActionMask = 2147483647;
			files = (
				94760A052AF62F1D001C9A67 /* Preview Assets.xcassets in Resources */,
				94760A012AF62F1D001C9A67 /* Assets.xcassets in Resources */,
			);
			runOnlyForDeploymentPostprocessing = 0;
		};
		94C0A0E72AF6BE3C001798C9 /* Resources */ = {
			isa = PBXResourcesBuildPhase;
			buildActionMask = 2147483647;
			files = (
			);
			runOnlyForDeploymentPostprocessing = 0;
		};
/* End PBXResourcesBuildPhase section */

/* Begin PBXSourcesBuildPhase section */
		947609F02AF62F1C001C9A67 /* Sources */ = {
			isa = PBXSourcesBuildPhase;
			buildActionMask = 2147483647;
			files = (
				94A7E4602AF907DA00D23515 /* Leaderboard+CoreDataProperties.swift in Sources */,
				947609F82AF62F1C001C9A67 /* SwiftStarterApp.swift in Sources */,
				941B5DAA2B02217C00F5D3B1 /* NavigationSplitSideBarView.swift in Sources */,
				946C48C62AFEBB7B00C79D9C /* RealmDataManager_Users.swift in Sources */,
				94A7E4612AF907DF00D23515 /* Users+CoreDataClass.swift in Sources */,
				94BA96C32B153D2A006D2CE7 /* LoadingView.swift in Sources */,
				94A7E4622AF907DF00D23515 /* Users+CoreDataProperties.swift in Sources */,
				94E275682AF8E4A1003C3C05 /* NavigationSplitDetailView.swift in Sources */,
				94A7E45F2AF902EB00D23515 /* CoreDataHomeView.swift in Sources */,
				9489F54A2AFCE8E5006F4D0E /* CoreDataManager_Leaderboard.swift in Sources */,
				947609FA2AF62F1C001C9A67 /* Persistence.swift in Sources */,
				9489F5482AFCE87E006F4D0E /* CoreDataStatsView.swift in Sources */,
				9489F54D2AFCE95F006F4D0E /* CoreDataManager_Users.swift in Sources */,
				9416CA6B2AFCCB60002D49E6 /* DeviceUtilities.swift in Sources */,
				946C48C92AFEC9D000C79D9C /* NavigationSplitContentView.swift in Sources */,
				94760A102AF63037001C9A67 /* NavigationSplitHomeView.swift in Sources */,
				94BFA4E82AF94C77004FEE4E /* CoreDataLoader.swift in Sources */,
				947609FF2AF62F1C001C9A67 /* CoreDataLeaderboardView.swift in Sources */,
				94A7E4632AF907DF00D23515 /* Leaderboard+CoreDataClass.swift in Sources */,
				94E275662AF8C61D003C3C05 /* CoreDataLeaderboardDetailView.swift in Sources */,
				9489F5462AFCE7D9006F4D0E /* CoreDataActionsView.swift in Sources */,
				946464812AF7758B0042EE31 /* RealmDataManager.swift in Sources */,
				94760A0E2AF62F6B001C9A67 /* CoreDataManager.swift in Sources */,
				947609FD2AF62F1C001C9A67 /* SwiftStarterApp.xcdatamodeld in Sources */,
			);
			runOnlyForDeploymentPostprocessing = 0;
		};
		94C0A0E52AF6BE3C001798C9 /* Sources */ = {
			isa = PBXSourcesBuildPhase;
			buildActionMask = 2147483647;
			files = (
				94C0A0EC2AF6BE3C001798C9 /* SwiftStarterAppTests.swift in Sources */,
			);
			runOnlyForDeploymentPostprocessing = 0;
		};
/* End PBXSourcesBuildPhase section */

/* Begin PBXTargetDependency section */
		94C0A0EE2AF6BE3C001798C9 /* PBXTargetDependency */ = {
			isa = PBXTargetDependency;
			target = 947609F32AF62F1C001C9A67 /* SwiftStarterApp */;
			targetProxy = 94C0A0ED2AF6BE3C001798C9 /* PBXContainerItemProxy */;
		};
/* End PBXTargetDependency section */

/* Begin XCBuildConfiguration section */
		94760A062AF62F1D001C9A67 /* Debug */ = {
			isa = XCBuildConfiguration;
			buildSettings = {
				ALWAYS_SEARCH_USER_PATHS = NO;
				CLANG_ANALYZER_NONNULL = YES;
				CLANG_ANALYZER_NUMBER_OBJECT_CONVERSION = YES_AGGRESSIVE;
				CLANG_CXX_LANGUAGE_STANDARD = "gnu++20";
				CLANG_ENABLE_MODULES = YES;
				CLANG_ENABLE_OBJC_ARC = YES;
				CLANG_ENABLE_OBJC_WEAK = YES;
				CLANG_WARN_BLOCK_CAPTURE_AUTORELEASING = YES;
				CLANG_WARN_BOOL_CONVERSION = YES;
				CLANG_WARN_COMMA = YES;
				CLANG_WARN_CONSTANT_CONVERSION = YES;
				CLANG_WARN_DEPRECATED_OBJC_IMPLEMENTATIONS = YES;
				CLANG_WARN_DIRECT_OBJC_ISA_USAGE = YES_ERROR;
				CLANG_WARN_DOCUMENTATION_COMMENTS = YES;
				CLANG_WARN_EMPTY_BODY = YES;
				CLANG_WARN_ENUM_CONVERSION = YES;
				CLANG_WARN_INFINITE_RECURSION = YES;
				CLANG_WARN_INT_CONVERSION = YES;
				CLANG_WARN_NON_LITERAL_NULL_CONVERSION = YES;
				CLANG_WARN_OBJC_IMPLICIT_RETAIN_SELF = YES;
				CLANG_WARN_OBJC_LITERAL_CONVERSION = YES;
				CLANG_WARN_OBJC_ROOT_CLASS = YES_ERROR;
				CLANG_WARN_QUOTED_INCLUDE_IN_FRAMEWORK_HEADER = YES;
				CLANG_WARN_RANGE_LOOP_ANALYSIS = YES;
				CLANG_WARN_STRICT_PROTOTYPES = YES;
				CLANG_WARN_SUSPICIOUS_MOVE = YES;
				CLANG_WARN_UNGUARDED_AVAILABILITY = YES_AGGRESSIVE;
				CLANG_WARN_UNREACHABLE_CODE = YES;
				CLANG_WARN__DUPLICATE_METHOD_MATCH = YES;
				COPY_PHASE_STRIP = NO;
				DEBUG_INFORMATION_FORMAT = dwarf;
				ENABLE_STRICT_OBJC_MSGSEND = YES;
				ENABLE_TESTABILITY = YES;
				GCC_C_LANGUAGE_STANDARD = gnu11;
				GCC_DYNAMIC_NO_PIC = NO;
				GCC_NO_COMMON_BLOCKS = YES;
				GCC_OPTIMIZATION_LEVEL = 0;
				GCC_PREPROCESSOR_DEFINITIONS = (
					"DEBUG=1",
					"$(inherited)",
				);
				GCC_WARN_64_TO_32_BIT_CONVERSION = YES;
				GCC_WARN_ABOUT_RETURN_TYPE = YES_ERROR;
				GCC_WARN_UNDECLARED_SELECTOR = YES;
				GCC_WARN_UNINITIALIZED_AUTOS = YES_AGGRESSIVE;
				GCC_WARN_UNUSED_FUNCTION = YES;
				GCC_WARN_UNUSED_VARIABLE = YES;
				MTL_ENABLE_DEBUG_INFO = INCLUDE_SOURCE;
				MTL_FAST_MATH = YES;
				ONLY_ACTIVE_ARCH = YES;
				SWIFT_ACTIVE_COMPILATION_CONDITIONS = DEBUG;
				SWIFT_OPTIMIZATION_LEVEL = "-Onone";
			};
			name = Debug;
		};
		94760A072AF62F1D001C9A67 /* Release */ = {
			isa = XCBuildConfiguration;
			buildSettings = {
				ALWAYS_SEARCH_USER_PATHS = NO;
				CLANG_ANALYZER_NONNULL = YES;
				CLANG_ANALYZER_NUMBER_OBJECT_CONVERSION = YES_AGGRESSIVE;
				CLANG_CXX_LANGUAGE_STANDARD = "gnu++20";
				CLANG_ENABLE_MODULES = YES;
				CLANG_ENABLE_OBJC_ARC = YES;
				CLANG_ENABLE_OBJC_WEAK = YES;
				CLANG_WARN_BLOCK_CAPTURE_AUTORELEASING = YES;
				CLANG_WARN_BOOL_CONVERSION = YES;
				CLANG_WARN_COMMA = YES;
				CLANG_WARN_CONSTANT_CONVERSION = YES;
				CLANG_WARN_DEPRECATED_OBJC_IMPLEMENTATIONS = YES;
				CLANG_WARN_DIRECT_OBJC_ISA_USAGE = YES_ERROR;
				CLANG_WARN_DOCUMENTATION_COMMENTS = YES;
				CLANG_WARN_EMPTY_BODY = YES;
				CLANG_WARN_ENUM_CONVERSION = YES;
				CLANG_WARN_INFINITE_RECURSION = YES;
				CLANG_WARN_INT_CONVERSION = YES;
				CLANG_WARN_NON_LITERAL_NULL_CONVERSION = YES;
				CLANG_WARN_OBJC_IMPLICIT_RETAIN_SELF = YES;
				CLANG_WARN_OBJC_LITERAL_CONVERSION = YES;
				CLANG_WARN_OBJC_ROOT_CLASS = YES_ERROR;
				CLANG_WARN_QUOTED_INCLUDE_IN_FRAMEWORK_HEADER = YES;
				CLANG_WARN_RANGE_LOOP_ANALYSIS = YES;
				CLANG_WARN_STRICT_PROTOTYPES = YES;
				CLANG_WARN_SUSPICIOUS_MOVE = YES;
				CLANG_WARN_UNGUARDED_AVAILABILITY = YES_AGGRESSIVE;
				CLANG_WARN_UNREACHABLE_CODE = YES;
				CLANG_WARN__DUPLICATE_METHOD_MATCH = YES;
				COPY_PHASE_STRIP = NO;
				DEBUG_INFORMATION_FORMAT = "dwarf-with-dsym";
				ENABLE_NS_ASSERTIONS = NO;
				ENABLE_STRICT_OBJC_MSGSEND = YES;
				GCC_C_LANGUAGE_STANDARD = gnu11;
				GCC_NO_COMMON_BLOCKS = YES;
				GCC_WARN_64_TO_32_BIT_CONVERSION = YES;
				GCC_WARN_ABOUT_RETURN_TYPE = YES_ERROR;
				GCC_WARN_UNDECLARED_SELECTOR = YES;
				GCC_WARN_UNINITIALIZED_AUTOS = YES_AGGRESSIVE;
				GCC_WARN_UNUSED_FUNCTION = YES;
				GCC_WARN_UNUSED_VARIABLE = YES;
				MTL_ENABLE_DEBUG_INFO = NO;
				MTL_FAST_MATH = YES;
				SWIFT_COMPILATION_MODE = wholemodule;
				SWIFT_OPTIMIZATION_LEVEL = "-O";
			};
			name = Release;
		};
		94760A092AF62F1D001C9A67 /* Debug */ = {
			isa = XCBuildConfiguration;
			buildSettings = {
				ASSETCATALOG_COMPILER_APPICON_NAME = AppIcon;
				ASSETCATALOG_COMPILER_GLOBAL_ACCENT_COLOR_NAME = AccentColor;
				CODE_SIGN_ENTITLEMENTS = SwiftStarterApp/SwiftStarterApp.entitlements;
				CODE_SIGN_STYLE = Automatic;
				CURRENT_PROJECT_VERSION = 1;
				DEVELOPMENT_ASSET_PATHS = "\"SwiftStarterApp/Preview Content\"";
				DEVELOPMENT_TEAM = "";
				ENABLE_PREVIEWS = YES;
				GENERATE_INFOPLIST_FILE = YES;
				"INFOPLIST_KEY_UIApplicationSceneManifest_Generation[sdk=iphoneos*]" = YES;
				"INFOPLIST_KEY_UIApplicationSceneManifest_Generation[sdk=iphonesimulator*]" = YES;
				"INFOPLIST_KEY_UIApplicationSupportsIndirectInputEvents[sdk=iphoneos*]" = YES;
				"INFOPLIST_KEY_UIApplicationSupportsIndirectInputEvents[sdk=iphonesimulator*]" = YES;
				"INFOPLIST_KEY_UILaunchScreen_Generation[sdk=iphoneos*]" = YES;
				"INFOPLIST_KEY_UILaunchScreen_Generation[sdk=iphonesimulator*]" = YES;
				"INFOPLIST_KEY_UIStatusBarStyle[sdk=iphoneos*]" = UIStatusBarStyleDefault;
				"INFOPLIST_KEY_UIStatusBarStyle[sdk=iphonesimulator*]" = UIStatusBarStyleDefault;
				INFOPLIST_KEY_UISupportedInterfaceOrientations_iPad = "UIInterfaceOrientationPortrait UIInterfaceOrientationPortraitUpsideDown UIInterfaceOrientationLandscapeLeft UIInterfaceOrientationLandscapeRight";
				INFOPLIST_KEY_UISupportedInterfaceOrientations_iPhone = "UIInterfaceOrientationPortrait UIInterfaceOrientationLandscapeLeft UIInterfaceOrientationLandscapeRight";
				IPHONEOS_DEPLOYMENT_TARGET = 16.4;
				LD_RUNPATH_SEARCH_PATHS = "@executable_path/Frameworks";
				"LD_RUNPATH_SEARCH_PATHS[sdk=macosx*]" = "@executable_path/../Frameworks";
				MACOSX_DEPLOYMENT_TARGET = 13.3;
				MARKETING_VERSION = 1.0;
				PRODUCT_BUNDLE_IDENTIFIER = com.mccaffers.SwiftStarterApp;
				PRODUCT_NAME = "$(TARGET_NAME)";
				SDKROOT = auto;
				SUPPORTED_PLATFORMS = "iphoneos iphonesimulator macosx";
				SWIFT_EMIT_LOC_STRINGS = YES;
				SWIFT_VERSION = 5.0;
				TARGETED_DEVICE_FAMILY = "1,2";
			};
			name = Debug;
		};
		94760A0A2AF62F1D001C9A67 /* Release */ = {
			isa = XCBuildConfiguration;
			buildSettings = {
				ASSETCATALOG_COMPILER_APPICON_NAME = AppIcon;
				ASSETCATALOG_COMPILER_GLOBAL_ACCENT_COLOR_NAME = AccentColor;
				CODE_SIGN_ENTITLEMENTS = SwiftStarterApp/SwiftStarterApp.entitlements;
				CODE_SIGN_STYLE = Automatic;
				CURRENT_PROJECT_VERSION = 1;
				DEVELOPMENT_ASSET_PATHS = "\"SwiftStarterApp/Preview Content\"";
				DEVELOPMENT_TEAM = "";
				ENABLE_PREVIEWS = YES;
				GENERATE_INFOPLIST_FILE = YES;
				"INFOPLIST_KEY_UIApplicationSceneManifest_Generation[sdk=iphoneos*]" = YES;
				"INFOPLIST_KEY_UIApplicationSceneManifest_Generation[sdk=iphonesimulator*]" = YES;
				"INFOPLIST_KEY_UIApplicationSupportsIndirectInputEvents[sdk=iphoneos*]" = YES;
				"INFOPLIST_KEY_UIApplicationSupportsIndirectInputEvents[sdk=iphonesimulator*]" = YES;
				"INFOPLIST_KEY_UILaunchScreen_Generation[sdk=iphoneos*]" = YES;
				"INFOPLIST_KEY_UILaunchScreen_Generation[sdk=iphonesimulator*]" = YES;
				"INFOPLIST_KEY_UIStatusBarStyle[sdk=iphoneos*]" = UIStatusBarStyleDefault;
				"INFOPLIST_KEY_UIStatusBarStyle[sdk=iphonesimulator*]" = UIStatusBarStyleDefault;
				INFOPLIST_KEY_UISupportedInterfaceOrientations_iPad = "UIInterfaceOrientationPortrait UIInterfaceOrientationPortraitUpsideDown UIInterfaceOrientationLandscapeLeft UIInterfaceOrientationLandscapeRight";
				INFOPLIST_KEY_UISupportedInterfaceOrientations_iPhone = "UIInterfaceOrientationPortrait UIInterfaceOrientationLandscapeLeft UIInterfaceOrientationLandscapeRight";
				IPHONEOS_DEPLOYMENT_TARGET = 16.4;
				LD_RUNPATH_SEARCH_PATHS = "@executable_path/Frameworks";
				"LD_RUNPATH_SEARCH_PATHS[sdk=macosx*]" = "@executable_path/../Frameworks";
				MACOSX_DEPLOYMENT_TARGET = 13.3;
				MARKETING_VERSION = 1.0;
				PRODUCT_BUNDLE_IDENTIFIER = com.mccaffers.SwiftStarterApp;
				PRODUCT_NAME = "$(TARGET_NAME)";
				SDKROOT = auto;
				SUPPORTED_PLATFORMS = "iphoneos iphonesimulator macosx";
				SWIFT_EMIT_LOC_STRINGS = YES;
				SWIFT_VERSION = 5.0;
				TARGETED_DEVICE_FAMILY = "1,2";
			};
			name = Release;
		};
		94C0A0F02AF6BE3C001798C9 /* Debug */ = {
			isa = XCBuildConfiguration;
			buildSettings = {
				BUNDLE_LOADER = "$(TEST_HOST)";
				CODE_SIGN_STYLE = Automatic;
				CURRENT_PROJECT_VERSION = 1;
				GENERATE_INFOPLIST_FILE = YES;
				IPHONEOS_DEPLOYMENT_TARGET = 16.4;
				MARKETING_VERSION = 1.0;
				PRODUCT_BUNDLE_IDENTIFIER = com.mccaffers.SwiftStarterAppTests;
				PRODUCT_NAME = "$(TARGET_NAME)";
				SDKROOT = iphoneos;
				SWIFT_EMIT_LOC_STRINGS = NO;
				SWIFT_VERSION = 5.0;
				TARGETED_DEVICE_FAMILY = "1,2";
				TEST_HOST = "$(BUILT_PRODUCTS_DIR)/SwiftStarterApp.app/$(BUNDLE_EXECUTABLE_FOLDER_PATH)/SwiftStarterApp";
			};
			name = Debug;
		};
		94C0A0F12AF6BE3C001798C9 /* Release */ = {
			isa = XCBuildConfiguration;
			buildSettings = {
				BUNDLE_LOADER = "$(TEST_HOST)";
				CODE_SIGN_STYLE = Automatic;
				CURRENT_PROJECT_VERSION = 1;
				GENERATE_INFOPLIST_FILE = YES;
				IPHONEOS_DEPLOYMENT_TARGET = 16.4;
				MARKETING_VERSION = 1.0;
				PRODUCT_BUNDLE_IDENTIFIER = com.mccaffers.SwiftStarterAppTests;
				PRODUCT_NAME = "$(TARGET_NAME)";
				SDKROOT = iphoneos;
				SWIFT_EMIT_LOC_STRINGS = NO;
				SWIFT_VERSION = 5.0;
				TARGETED_DEVICE_FAMILY = "1,2";
				TEST_HOST = "$(BUILT_PRODUCTS_DIR)/SwiftStarterApp.app/$(BUNDLE_EXECUTABLE_FOLDER_PATH)/SwiftStarterApp";
				VALIDATE_PRODUCT = YES;
			};
			name = Release;
		};
/* End XCBuildConfiguration section */

/* Begin XCConfigurationList section */
		947609EF2AF62F1C001C9A67 /* Build configuration list for PBXProject "SwiftStarterApp" */ = {
			isa = XCConfigurationList;
			buildConfigurations = (
				94760A062AF62F1D001C9A67 /* Debug */,
				94760A072AF62F1D001C9A67 /* Release */,
			);
			defaultConfigurationIsVisible = 0;
			defaultConfigurationName = Release;
		};
		94760A082AF62F1D001C9A67 /* Build configuration list for PBXNativeTarget "SwiftStarterApp" */ = {
			isa = XCConfigurationList;
			buildConfigurations = (
				94760A092AF62F1D001C9A67 /* Debug */,
				94760A0A2AF62F1D001C9A67 /* Release */,
			);
			defaultConfigurationIsVisible = 0;
			defaultConfigurationName = Release;
		};
		94C0A0EF2AF6BE3C001798C9 /* Build configuration list for PBXNativeTarget "SwiftStarterAppTests" */ = {
			isa = XCConfigurationList;
			buildConfigurations = (
				94C0A0F02AF6BE3C001798C9 /* Debug */,
				94C0A0F12AF6BE3C001798C9 /* Release */,
			);
			defaultConfigurationIsVisible = 0;
			defaultConfigurationName = Release;
		};
/* End XCConfigurationList section */

/* Begin XCRemoteSwiftPackageReference section */
		9416CA6C2AFCE1A7002D49E6 /* XCRemoteSwiftPackageReference "realm-swift" */ = {
			isa = XCRemoteSwiftPackageReference;
			repositoryURL = "https://github.com/realm/realm-swift.git";
			requirement = {
				branch = master;
				kind = branch;
			};
		};
/* End XCRemoteSwiftPackageReference section */

/* Begin XCSwiftPackageProductDependency section */
		9416CA6D2AFCE1A7002D49E6 /* Realm */ = {
			isa = XCSwiftPackageProductDependency;
			package = 9416CA6C2AFCE1A7002D49E6 /* XCRemoteSwiftPackageReference "realm-swift" */;
			productName = Realm;
		};
		9416CA6F2AFCE1A7002D49E6 /* RealmSwift */ = {
			isa = XCSwiftPackageProductDependency;
			package = 9416CA6C2AFCE1A7002D49E6 /* XCRemoteSwiftPackageReference "realm-swift" */;
			productName = RealmSwift;
		};
/* End XCSwiftPackageProductDependency section */

/* Begin XCVersionGroup section */
		947609FB2AF62F1C001C9A67 /* SwiftStarterApp.xcdatamodeld */ = {
			isa = XCVersionGroup;
			children = (
				947609FC2AF62F1C001C9A67 /* SwiftStarterApp.xcdatamodel */,
			);
			currentVersion = 947609FC2AF62F1C001C9A67 /* SwiftStarterApp.xcdatamodel */;
			path = SwiftStarterApp.xcdatamodeld;
			sourceTree = "<group>";
			versionGroupType = wrapper.xcdatamodel;
		};
/* End XCVersionGroup section */
	};
	rootObject = 947609EC2AF62F1C001C9A67 /* Project object */;
}
